// !$*UTF8*$!
{
	archiveVersion = 1;
	classes = {
	};
	objectVersion = 46;
	objects = {

/* Begin PBXBuildFile section */
		41A003041968E91D008B3457 /* Foundation.framework in Frameworks */ = {isa = PBXBuildFile; fileRef = 41A003031968E91D008B3457 /* Foundation.framework */; };
		41A003061968E91D008B3457 /* CoreGraphics.framework in Frameworks */ = {isa = PBXBuildFile; fileRef = 41A003051968E91D008B3457 /* CoreGraphics.framework */; };
		41A003081968E91D008B3457 /* UIKit.framework in Frameworks */ = {isa = PBXBuildFile; fileRef = 41A003071968E91D008B3457 /* UIKit.framework */; };
		41A0030E1968E91D008B3457 /* InfoPlist.strings in Resources */ = {isa = PBXBuildFile; fileRef = 41A0030C1968E91D008B3457 /* InfoPlist.strings */; };
		41A003101968E91D008B3457 /* main.m in Sources */ = {isa = PBXBuildFile; fileRef = 41A0030F1968E91D008B3457 /* main.m */; };
		41A003141968E91D008B3457 /* AppDelegate.m in Sources */ = {isa = PBXBuildFile; fileRef = 41A003131968E91D008B3457 /* AppDelegate.m */; };
		41A003171968E91D008B3457 /* Main.storyboard in Resources */ = {isa = PBXBuildFile; fileRef = 41A003151968E91D008B3457 /* Main.storyboard */; };
		41A0031A1968E91D008B3457 /* ViewController.m in Sources */ = {isa = PBXBuildFile; fileRef = 41A003191968E91D008B3457 /* ViewController.m */; };
		41A0031C1968E91D008B3457 /* Images.xcassets in Resources */ = {isa = PBXBuildFile; fileRef = 41A0031B1968E91D008B3457 /* Images.xcassets */; };
		41A003231968E91D008B3457 /* XCTest.framework in Frameworks */ = {isa = PBXBuildFile; fileRef = 41A003221968E91D008B3457 /* XCTest.framework */; };
		41A003241968E91D008B3457 /* Foundation.framework in Frameworks */ = {isa = PBXBuildFile; fileRef = 41A003031968E91D008B3457 /* Foundation.framework */; };
		41A003251968E91D008B3457 /* UIKit.framework in Frameworks */ = {isa = PBXBuildFile; fileRef = 41A003071968E91D008B3457 /* UIKit.framework */; };
		41A0032D1968E91D008B3457 /* InfoPlist.strings in Resources */ = {isa = PBXBuildFile; fileRef = 41A0032B1968E91D008B3457 /* InfoPlist.strings */; };
		41A0032F1968E91D008B3457 /* _____________Tests.m in Sources */ = {isa = PBXBuildFile; fileRef = 41A0032E1968E91D008B3457 /* _____________Tests.m */; };
/* End PBXBuildFile section */

/* Begin PBXContainerItemProxy section */
		41A003261968E91D008B3457 /* PBXContainerItemProxy */ = {
			isa = PBXContainerItemProxy;
			containerPortal = 41A002F81968E91C008B3457 /* Project object */;
			proxyType = 1;
			remoteGlobalIDString = 41A002FF1968E91C008B3457;
			remoteInfo = "どのフレーズ使うッター";
		};
/* End PBXContainerItemProxy section */

/* Begin PBXFileReference section */
		41A003001968E91C008B3457 /* どのフレーズ使うッター.app */ = {isa = PBXFileReference; explicitFileType = wrapper.application; includeInIndex = 0; path = "どのフレーズ使うッター.app"; sourceTree = BUILT_PRODUCTS_DIR; };
		41A003031968E91D008B3457 /* Foundation.framework */ = {isa = PBXFileReference; lastKnownFileType = wrapper.framework; name = Foundation.framework; path = System/Library/Frameworks/Foundation.framework; sourceTree = SDKROOT; };
		41A003051968E91D008B3457 /* CoreGraphics.framework */ = {isa = PBXFileReference; lastKnownFileType = wrapper.framework; name = CoreGraphics.framework; path = System/Library/Frameworks/CoreGraphics.framework; sourceTree = SDKROOT; };
		41A003071968E91D008B3457 /* UIKit.framework */ = {isa = PBXFileReference; lastKnownFileType = wrapper.framework; name = UIKit.framework; path = System/Library/Frameworks/UIKit.framework; sourceTree = SDKROOT; };
		41A0030B1968E91D008B3457 /* どのフレーズ使うッター-Info.plist */ = {isa = PBXFileReference; lastKnownFileType = text.plist.xml; path = "どのフレーズ使うッター-Info.plist"; sourceTree = "<group>"; };
		41A0030D1968E91D008B3457 /* en */ = {isa = PBXFileReference; lastKnownFileType = text.plist.strings; name = en; path = en.lproj/InfoPlist.strings; sourceTree = "<group>"; };
		41A0030F1968E91D008B3457 /* main.m */ = {isa = PBXFileReference; lastKnownFileType = sourcecode.c.objc; path = main.m; sourceTree = "<group>"; };
		41A003111968E91D008B3457 /* どのフレーズ使うッター-Prefix.pch */ = {isa = PBXFileReference; lastKnownFileType = sourcecode.c.h; path = "どのフレーズ使うッター-Prefix.pch"; sourceTree = "<group>"; };
		41A003121968E91D008B3457 /* AppDelegate.h */ = {isa = PBXFileReference; lastKnownFileType = sourcecode.c.h; path = AppDelegate.h; sourceTree = "<group>"; };
		41A003131968E91D008B3457 /* AppDelegate.m */ = {isa = PBXFileReference; lastKnownFileType = sourcecode.c.objc; path = AppDelegate.m; sourceTree = "<group>"; };
		41A003161968E91D008B3457 /* Base */ = {isa = PBXFileReference; lastKnownFileType = file.storyboard; name = Base; path = Base.lproj/Main.storyboard; sourceTree = "<group>"; };
		41A003181968E91D008B3457 /* ViewController.h */ = {isa = PBXFileReference; lastKnownFileType = sourcecode.c.h; path = ViewController.h; sourceTree = "<group>"; };
		41A003191968E91D008B3457 /* ViewController.m */ = {isa = PBXFileReference; lastKnownFileType = sourcecode.c.objc; path = ViewController.m; sourceTree = "<group>"; };
		41A0031B1968E91D008B3457 /* Images.xcassets */ = {isa = PBXFileReference; lastKnownFileType = folder.assetcatalog; path = Images.xcassets; sourceTree = "<group>"; };
		41A003211968E91D008B3457 /* どのフレーズ使うッターTests.xctest */ = {isa = PBXFileReference; explicitFileType = wrapper.cfbundle; includeInIndex = 0; path = "どのフレーズ使うッターTests.xctest"; sourceTree = BUILT_PRODUCTS_DIR; };
		41A003221968E91D008B3457 /* XCTest.framework */ = {isa = PBXFileReference; lastKnownFileType = wrapper.framework; name = XCTest.framework; path = Library/Frameworks/XCTest.framework; sourceTree = DEVELOPER_DIR; };
		41A0032A1968E91D008B3457 /* どのフレーズ使うッターTests-Info.plist */ = {isa = PBXFileReference; lastKnownFileType = text.plist.xml; path = "どのフレーズ使うッターTests-Info.plist"; sourceTree = "<group>"; };
		41A0032C1968E91D008B3457 /* en */ = {isa = PBXFileReference; lastKnownFileType = text.plist.strings; name = en; path = en.lproj/InfoPlist.strings; sourceTree = "<group>"; };
		41A0032E1968E91D008B3457 /* _____________Tests.m */ = {isa = PBXFileReference; lastKnownFileType = sourcecode.c.objc; path = "_____________Tests.m"; sourceTree = "<group>"; };
/* End PBXFileReference section */

/* Begin PBXFrameworksBuildPhase section */
		41A002FD1968E91C008B3457 /* Frameworks */ = {
			isa = PBXFrameworksBuildPhase;
			buildActionMask = 2147483647;
			files = (
				41A003061968E91D008B3457 /* CoreGraphics.framework in Frameworks */,
				41A003081968E91D008B3457 /* UIKit.framework in Frameworks */,
				41A003041968E91D008B3457 /* Foundation.framework in Frameworks */,
			);
			runOnlyForDeploymentPostprocessing = 0;
		};
		41A0031E1968E91D008B3457 /* Frameworks */ = {
			isa = PBXFrameworksBuildPhase;
			buildActionMask = 2147483647;
			files = (
				41A003231968E91D008B3457 /* XCTest.framework in Frameworks */,
				41A003251968E91D008B3457 /* UIKit.framework in Frameworks */,
				41A003241968E91D008B3457 /* Foundation.framework in Frameworks */,
			);
			runOnlyForDeploymentPostprocessing = 0;
		};
/* End PBXFrameworksBuildPhase section */

/* Begin PBXGroup section */
		41A002F71968E91C008B3457 = {
			isa = PBXGroup;
			children = (
				41A003091968E91D008B3457 /* どのフレーズ使うッター */,
				41A003281968E91D008B3457 /* どのフレーズ使うッターTests */,
				41A003021968E91C008B3457 /* Frameworks */,
				41A003011968E91C008B3457 /* Products */,
			);
			sourceTree = "<group>";
		};
		41A003011968E91C008B3457 /* Products */ = {
			isa = PBXGroup;
			children = (
				41A003001968E91C008B3457 /* どのフレーズ使うッター.app */,
				41A003211968E91D008B3457 /* どのフレーズ使うッターTests.xctest */,
			);
			name = Products;
			sourceTree = "<group>";
		};
		41A003021968E91C008B3457 /* Frameworks */ = {
			isa = PBXGroup;
			children = (
				41A003031968E91D008B3457 /* Foundation.framework */,
				41A003051968E91D008B3457 /* CoreGraphics.framework */,
				41A003071968E91D008B3457 /* UIKit.framework */,
				41A003221968E91D008B3457 /* XCTest.framework */,
			);
			name = Frameworks;
			sourceTree = "<group>";
		};
		41A003091968E91D008B3457 /* どのフレーズ使うッター */ = {
			isa = PBXGroup;
			children = (
				41A003121968E91D008B3457 /* AppDelegate.h */,
				41A003131968E91D008B3457 /* AppDelegate.m */,
				41A003151968E91D008B3457 /* Main.storyboard */,
				41A003181968E91D008B3457 /* ViewController.h */,
				41A003191968E91D008B3457 /* ViewController.m */,
				41A0031B1968E91D008B3457 /* Images.xcassets */,
				41A0030A1968E91D008B3457 /* Supporting Files */,
			);
			path = "どのフレーズ使うッター";
			sourceTree = "<group>";
		};
		41A0030A1968E91D008B3457 /* Supporting Files */ = {
			isa = PBXGroup;
			children = (
				41A0030B1968E91D008B3457 /* どのフレーズ使うッター-Info.plist */,
				41A0030C1968E91D008B3457 /* InfoPlist.strings */,
				41A0030F1968E91D008B3457 /* main.m */,
				41A003111968E91D008B3457 /* どのフレーズ使うッター-Prefix.pch */,
			);
			name = "Supporting Files";
			sourceTree = "<group>";
		};
		41A003281968E91D008B3457 /* どのフレーズ使うッターTests */ = {
			isa = PBXGroup;
			children = (
				41A0032E1968E91D008B3457 /* _____________Tests.m */,
				41A003291968E91D008B3457 /* Supporting Files */,
			);
			path = "どのフレーズ使うッターTests";
			sourceTree = "<group>";
		};
		41A003291968E91D008B3457 /* Supporting Files */ = {
			isa = PBXGroup;
			children = (
				41A0032A1968E91D008B3457 /* どのフレーズ使うッターTests-Info.plist */,
				41A0032B1968E91D008B3457 /* InfoPlist.strings */,
			);
			name = "Supporting Files";
			sourceTree = "<group>";
		};
/* End PBXGroup section */

/* Begin PBXNativeTarget section */
		41A002FF1968E91C008B3457 /* どのフレーズ使うッター */ = {
			isa = PBXNativeTarget;
			buildConfigurationList = 41A003321968E91D008B3457 /* Build configuration list for PBXNativeTarget "どのフレーズ使うッター" */;
			buildPhases = (
				41A002FC1968E91C008B3457 /* Sources */,
				41A002FD1968E91C008B3457 /* Frameworks */,
				41A002FE1968E91C008B3457 /* Resources */,
			);
			buildRules = (
			);
			dependencies = (
			);
			name = "どのフレーズ使うッター";
			productName = "どのフレーズ使うッター";
			productReference = 41A003001968E91C008B3457 /* どのフレーズ使うッター.app */;
			productType = "com.apple.product-type.application";
		};
		41A003201968E91D008B3457 /* どのフレーズ使うッターTests */ = {
			isa = PBXNativeTarget;
			buildConfigurationList = 41A003351968E91D008B3457 /* Build configuration list for PBXNativeTarget "どのフレーズ使うッターTests" */;
			buildPhases = (
				41A0031D1968E91D008B3457 /* Sources */,
				41A0031E1968E91D008B3457 /* Frameworks */,
				41A0031F1968E91D008B3457 /* Resources */,
			);
			buildRules = (
			);
			dependencies = (
				41A003271968E91D008B3457 /* PBXTargetDependency */,
			);
			name = "どのフレーズ使うッターTests";
			productName = "どのフレーズ使うッターTests";
			productReference = 41A003211968E91D008B3457 /* どのフレーズ使うッターTests.xctest */;
			productType = "com.apple.product-type.bundle.unit-test";
		};
/* End PBXNativeTarget section */

/* Begin PBXProject section */
		41A002F81968E91C008B3457 /* Project object */ = {
			isa = PBXProject;
			attributes = {
				LastUpgradeCheck = 0510;
				ORGANIZATIONNAME = "___FULLUSERNAME___";
				TargetAttributes = {
					41A003201968E91D008B3457 = {
						TestTargetID = 41A002FF1968E91C008B3457;
					};
				};
			};
			buildConfigurationList = 41A002FB1968E91C008B3457 /* Build configuration list for PBXProject "どのフレーズ使うッター" */;
			compatibilityVersion = "Xcode 3.2";
			developmentRegion = English;
			hasScannedForEncodings = 0;
			knownRegions = (
				en,
				Base,
			);
			mainGroup = 41A002F71968E91C008B3457;
			productRefGroup = 41A003011968E91C008B3457 /* Products */;
			projectDirPath = "";
			projectRoot = "";
			targets = (
				41A002FF1968E91C008B3457 /* どのフレーズ使うッター */,
				41A003201968E91D008B3457 /* どのフレーズ使うッターTests */,
			);
		};
/* End PBXProject section */

/* Begin PBXResourcesBuildPhase section */
		41A002FE1968E91C008B3457 /* Resources */ = {
			isa = PBXResourcesBuildPhase;
			buildActionMask = 2147483647;
			files = (
				41A0031C1968E91D008B3457 /* Images.xcassets in Resources */,
				41A0030E1968E91D008B3457 /* InfoPlist.strings in Resources */,
				41A003171968E91D008B3457 /* Main.storyboard in Resources */,
			);
			runOnlyForDeploymentPostprocessing = 0;
		};
		41A0031F1968E91D008B3457 /* Resources */ = {
			isa = PBXResourcesBuildPhase;
			buildActionMask = 2147483647;
			files = (
				41A0032D1968E91D008B3457 /* InfoPlist.strings in Resources */,
			);
			runOnlyForDeploymentPostprocessing = 0;
		};
/* End PBXResourcesBuildPhase section */

/* Begin PBXSourcesBuildPhase section */
		41A002FC1968E91C008B3457 /* Sources */ = {
			isa = PBXSourcesBuildPhase;
			buildActionMask = 2147483647;
			files = (
				41A0031A1968E91D008B3457 /* ViewController.m in Sources */,
				41A003141968E91D008B3457 /* AppDelegate.m in Sources */,
				41A003101968E91D008B3457 /* main.m in Sources */,
			);
			runOnlyForDeploymentPostprocessing = 0;
		};
		41A0031D1968E91D008B3457 /* Sources */ = {
			isa = PBXSourcesBuildPhase;
			buildActionMask = 2147483647;
			files = (
				41A0032F1968E91D008B3457 /* _____________Tests.m in Sources */,
			);
			runOnlyForDeploymentPostprocessing = 0;
		};
/* End PBXSourcesBuildPhase section */

/* Begin PBXTargetDependency section */
		41A003271968E91D008B3457 /* PBXTargetDependency */ = {
			isa = PBXTargetDependency;
			target = 41A002FF1968E91C008B3457 /* どのフレーズ使うッター */;
			targetProxy = 41A003261968E91D008B3457 /* PBXContainerItemProxy */;
		};
/* End PBXTargetDependency section */

/* Begin PBXVariantGroup section */
		41A0030C1968E91D008B3457 /* InfoPlist.strings */ = {
			isa = PBXVariantGroup;
			children = (
				41A0030D1968E91D008B3457 /* en */,
			);
			name = InfoPlist.strings;
			sourceTree = "<group>";
		};
		41A003151968E91D008B3457 /* Main.storyboard */ = {
			isa = PBXVariantGroup;
			children = (
				41A003161968E91D008B3457 /* Base */,
			);
			name = Main.storyboard;
			sourceTree = "<group>";
		};
		41A0032B1968E91D008B3457 /* InfoPlist.strings */ = {
			isa = PBXVariantGroup;
			children = (
				41A0032C1968E91D008B3457 /* en */,
			);
			name = InfoPlist.strings;
			sourceTree = "<group>";
		};
/* End PBXVariantGroup section */

/* Begin XCBuildConfiguration section */
		41A003301968E91D008B3457 /* Debug */ = {
			isa = XCBuildConfiguration;
			buildSettings = {
				ALWAYS_SEARCH_USER_PATHS = NO;
				CLANG_CXX_LANGUAGE_STANDARD = "gnu++0x";
				CLANG_CXX_LIBRARY = "libc++";
				CLANG_ENABLE_MODULES = YES;
				CLANG_ENABLE_OBJC_ARC = YES;
				CLANG_WARN_BOOL_CONVERSION = YES;
				CLANG_WARN_CONSTANT_CONVERSION = YES;
				CLANG_WARN_DIRECT_OBJC_ISA_USAGE = YES_ERROR;
				CLANG_WARN_EMPTY_BODY = YES;
				CLANG_WARN_ENUM_CONVERSION = YES;
				CLANG_WARN_INT_CONVERSION = YES;
				CLANG_WARN_OBJC_ROOT_CLASS = YES_ERROR;
				CLANG_WARN__DUPLICATE_METHOD_MATCH = YES;
				"CODE_SIGN_IDENTITY[sdk=iphoneos*]" = "iPhone Developer";
				COPY_PHASE_STRIP = NO;
				GCC_C_LANGUAGE_STANDARD = gnu99;
				GCC_DYNAMIC_NO_PIC = NO;
				GCC_OPTIMIZATION_LEVEL = 0;
				GCC_PREPROCESSOR_DEFINITIONS = (
					"DEBUG=1",
					"$(inherited)",
				);
				GCC_SYMBOLS_PRIVATE_EXTERN = NO;
				GCC_WARN_64_TO_32_BIT_CONVERSION = YES;
				GCC_WARN_ABOUT_RETURN_TYPE = YES_ERROR;
				GCC_WARN_UNDECLARED_SELECTOR = YES;
				GCC_WARN_UNINITIALIZED_AUTOS = YES_AGGRESSIVE;
				GCC_WARN_UNUSED_FUNCTION = YES;
				GCC_WARN_UNUSED_VARIABLE = YES;
				IPHONEOS_DEPLOYMENT_TARGET = 7.1;
				ONLY_ACTIVE_ARCH = YES;
				SDKROOT = iphoneos;
			};
			name = Debug;
		};
		41A003311968E91D008B3457 /* Release */ = {
			isa = XCBuildConfiguration;
			buildSettings = {
				ALWAYS_SEARCH_USER_PATHS = NO;
				CLANG_CXX_LANGUAGE_STANDARD = "gnu++0x";
				CLANG_CXX_LIBRARY = "libc++";
				CLANG_ENABLE_MODULES = YES;
				CLANG_ENABLE_OBJC_ARC = YES;
				CLANG_WARN_BOOL_CONVERSION = YES;
				CLANG_WARN_CONSTANT_CONVERSION = YES;
				CLANG_WARN_DIRECT_OBJC_ISA_USAGE = YES_ERROR;
				CLANG_WARN_EMPTY_BODY = YES;
				CLANG_WARN_ENUM_CONVERSION = YES;
				CLANG_WARN_INT_CONVERSION = YES;
				CLANG_WARN_OBJC_ROOT_CLASS = YES_ERROR;
				CLANG_WARN__DUPLICATE_METHOD_MATCH = YES;
				"CODE_SIGN_IDENTITY[sdk=iphoneos*]" = "iPhone Developer";
				COPY_PHASE_STRIP = YES;
				ENABLE_NS_ASSERTIONS = NO;
				GCC_C_LANGUAGE_STANDARD = gnu99;
				GCC_WARN_64_TO_32_BIT_CONVERSION = YES;
				GCC_WARN_ABOUT_RETURN_TYPE = YES_ERROR;
				GCC_WARN_UNDECLARED_SELECTOR = YES;
				GCC_WARN_UNINITIALIZED_AUTOS = YES_AGGRESSIVE;
				GCC_WARN_UNUSED_FUNCTION = YES;
				GCC_WARN_UNUSED_VARIABLE = YES;
				IPHONEOS_DEPLOYMENT_TARGET = 7.1;
				SDKROOT = iphoneos;
				VALIDATE_PRODUCT = YES;
			};
			name = Release;
		};
		41A003331968E91D008B3457 /* Debug */ = {
			isa = XCBuildConfiguration;
			buildSettings = {
				ASSETCATALOG_COMPILER_APPICON_NAME = AppIcon;
				ASSETCATALOG_COMPILER_LAUNCHIMAGE_NAME = LaunchImage;
				GCC_PRECOMPILE_PREFIX_HEADER = YES;
				GCC_PREFIX_HEADER = "どのフレーズ使うッター/どのフレーズ使うッター-Prefix.pch";
				INFOPLIST_FILE = "どのフレーズ使うッター/どのフレーズ使うッター-Info.plist";
				PRODUCT_NAME = "$(TARGET_NAME)";
				WRAPPER_EXTENSION = app;
			};
			name = Debug;
		};
		41A003341968E91D008B3457 /* Release */ = {
			isa = XCBuildConfiguration;
			buildSettings = {
				ASSETCATALOG_COMPILER_APPICON_NAME = AppIcon;
				ASSETCATALOG_COMPILER_LAUNCHIMAGE_NAME = LaunchImage;
				GCC_PRECOMPILE_PREFIX_HEADER = YES;
				GCC_PREFIX_HEADER = "どのフレーズ使うッター/どのフレーズ使うッター-Prefix.pch";
				INFOPLIST_FILE = "どのフレーズ使うッター/どのフレーズ使うッター-Info.plist";
				PRODUCT_NAME = "$(TARGET_NAME)";
				WRAPPER_EXTENSION = app;
			};
			name = Release;
		};
		41A003361968E91D008B3457 /* Debug */ = {
			isa = XCBuildConfiguration;
			buildSettings = {
				BUNDLE_LOADER = "$(BUILT_PRODUCTS_DIR)/どのフレーズ使うッター.app/どのフレーズ使うッター";
				FRAMEWORK_SEARCH_PATHS = (
					"$(SDKROOT)/Developer/Library/Frameworks",
					"$(inherited)",
					"$(DEVELOPER_FRAMEWORKS_DIR)",
				);
				GCC_PRECOMPILE_PREFIX_HEADER = YES;
				GCC_PREFIX_HEADER = "どのフレーズ使うッター/どのフレーズ使うッター-Prefix.pch";
				GCC_PREPROCESSOR_DEFINITIONS = (
					"DEBUG=1",
					"$(inherited)",
				);
				INFOPLIST_FILE = "どのフレーズ使うッターTests/どのフレーズ使うッターTests-Info.plist";
				PRODUCT_NAME = "$(TARGET_NAME)";
				TEST_HOST = "$(BUNDLE_LOADER)";
				WRAPPER_EXTENSION = xctest;
			};
			name = Debug;
		};
		41A003371968E91D008B3457 /* Release */ = {
			isa = XCBuildConfiguration;
			buildSettings = {
				BUNDLE_LOADER = "$(BUILT_PRODUCTS_DIR)/どのフレーズ使うッター.app/どのフレーズ使うッター";
				FRAMEWORK_SEARCH_PATHS = (
					"$(SDKROOT)/Developer/Library/Frameworks",
					"$(inherited)",
					"$(DEVELOPER_FRAMEWORKS_DIR)",
				);
				GCC_PRECOMPILE_PREFIX_HEADER = YES;
				GCC_PREFIX_HEADER = "どのフレーズ使うッター/どのフレーズ使うッター-Prefix.pch";
				INFOPLIST_FILE = "どのフレーズ使うッターTests/どのフレーズ使うッターTests-Info.plist";
				PRODUCT_NAME = "$(TARGET_NAME)";
				TEST_HOST = "$(BUNDLE_LOADER)";
				WRAPPER_EXTENSION = xctest;
			};
			name = Release;
		};
/* End XCBuildConfiguration section */

/* Begin XCConfigurationList section */
		41A002FB1968E91C008B3457 /* Build configuration list for PBXProject "どのフレーズ使うッター" */ = {
			isa = XCConfigurationList;
			buildConfigurations = (
				41A003301968E91D008B3457 /* Debug */,
				41A003311968E91D008B3457 /* Release */,
			);
			defaultConfigurationIsVisible = 0;
			defaultConfigurationName = Release;
		};
		41A003321968E91D008B3457 /* Build configuration list for PBXNativeTarget "どのフレーズ使うッター" */ = {
			isa = XCConfigurationList;
			buildConfigurations = (
				41A003331968E91D008B3457 /* Debug */,
				41A003341968E91D008B3457 /* Release */,
			);
			defaultConfigurationIsVisible = 0;
		};
		41A003351968E91D008B3457 /* Build configuration list for PBXNativeTarget "どのフレーズ使うッターTests" */ = {
			isa = XCConfigurationList;
			buildConfigurations = (
				41A003361968E91D008B3457 /* Debug */,
				41A003371968E91D008B3457 /* Release */,
			);
			defaultConfigurationIsVisible = 0;
		};
/* End XCConfigurationList section */
	};
	rootObject = 41A002F81968E91C008B3457 /* Project object */;
}
